
Microsoft Visual Studio Solution File, Format Version 12.00
Project("{FAE04EC0-301F-11D3-BF4B-00C04F79EFBC}") = "Tunnlr.Client.Core", "src\Tunnlr.Client.Core\Tunnlr.Client.Core.csproj", "{5DC198A9-0E3E-465E-970F-967968D40398}"
EndProject
Project("{2150E333-8FDC-42A3-9474-1A3956D46DE8}") = "src", "src", "{2EC2ADA5-1B43-49BC-B4FB-68202DCC9A88}"
EndProject
Project("{2150E333-8FDC-42A3-9474-1A3956D46DE8}") = "test", "test", "{0D27D652-CE28-424E-BDA2-6A09A2C9E848}"
EndProject
Project("{FAE04EC0-301F-11D3-BF4B-00C04F79EFBC}") = "Tunnlr.Common", "src\Tunnlr.Common\Tunnlr.Common.csproj", "{A82BE835-67DD-4A51-B7F4-E821CDF1CFA3}"
EndProject
Project("{FAE04EC0-301F-11D3-BF4B-00C04F79EFBC}") = "Tunnlr.Server.Proxy", "src\Tunnlr.Server.Proxy\Tunnlr.Server.Proxy.csproj", "{F58DAF0D-7E5E-4A8D-913A-ED46FAE1D54B}"
EndProject
Project("{2150E333-8FDC-42A3-9474-1A3956D46DE8}") = "Client", "Client", "{A4F7A8B1-F649-4D56-90C4-D2CA8040C8C2}"
EndProject
Project("{2150E333-8FDC-42A3-9474-1A3956D46DE8}") = "Server", "Server", "{30F50737-185B-4725-AE5E-02DCB0872A07}"
EndProject
Project("{FAE04EC0-301F-11D3-BF4B-00C04F79EFBC}") = "Tunnlr.Server.Core", "src\Tunnlr.Server.Core\Tunnlr.Server.Core.csproj", "{6AE1F549-9D0A-4ABC-97FE-69C5EB27226C}"
EndProject
Project("{FAE04EC0-301F-11D3-BF4B-00C04F79EFBC}") = "Tunnlr.Client.Web", "src\Tunnlr.Client.Web\Tunnlr.Client.Web.csproj", "{924EA981-93F9-4F2D-96A5-967EC473986D}"
EndProject
Project("{FAE04EC0-301F-11D3-BF4B-00C04F79EFBC}") = "Tunnlr.Server.Persistence", "src\Tunnlr.Server.Persistence\Tunnlr.Server.Persistence.csproj", "{7878B3F3-B836-4DFE-BA3B-3C6A104FAEA1}"
EndProject
Project("{2150E333-8FDC-42A3-9474-1A3956D46DE8}") = "Features", "Features", "{10B311E0-23E2-4907-A0F3-DD6C58F09372}"
EndProject
Project("{FAE04EC0-301F-11D3-BF4B-00C04F79EFBC}") = "Tunnlr.Server.Features.ReservedDomains", "src\server\features\Tunnlr.Server.Features.ReservedDomains\Tunnlr.Server.Features.ReservedDomains.csproj", "{A5909C76-6465-4D75-9B94-F1FE74A19DE6}"
EndProject
Global
	GlobalSection(SolutionConfigurationPlatforms) = preSolution
		Debug|Any CPU = Debug|Any CPU
		Release|Any CPU = Release|Any CPU
	EndGlobalSection
	GlobalSection(ProjectConfigurationPlatforms) = postSolution
		{5DC198A9-0E3E-465E-970F-967968D40398}.Debug|Any CPU.ActiveCfg = Debug|Any CPU
		{5DC198A9-0E3E-465E-970F-967968D40398}.Debug|Any CPU.Build.0 = Debug|Any CPU
		{5DC198A9-0E3E-465E-970F-967968D40398}.Release|Any CPU.ActiveCfg = Release|Any CPU
		{5DC198A9-0E3E-465E-970F-967968D40398}.Release|Any CPU.Build.0 = Release|Any CPU
		{A82BE835-67DD-4A51-B7F4-E821CDF1CFA3}.Debug|Any CPU.ActiveCfg = Debug|Any CPU
		{A82BE835-67DD-4A51-B7F4-E821CDF1CFA3}.Debug|Any CPU.Build.0 = Debug|Any CPU
		{A82BE835-67DD-4A51-B7F4-E821CDF1CFA3}.Release|Any CPU.ActiveCfg = Release|Any CPU
		{A82BE835-67DD-4A51-B7F4-E821CDF1CFA3}.Release|Any CPU.Build.0 = Release|Any CPU
		{F58DAF0D-7E5E-4A8D-913A-ED46FAE1D54B}.Debug|Any CPU.ActiveCfg = Debug|Any CPU
		{F58DAF0D-7E5E-4A8D-913A-ED46FAE1D54B}.Debug|Any CPU.Build.0 = Debug|Any CPU
		{F58DAF0D-7E5E-4A8D-913A-ED46FAE1D54B}.Release|Any CPU.ActiveCfg = Release|Any CPU
		{F58DAF0D-7E5E-4A8D-913A-ED46FAE1D54B}.Release|Any CPU.Build.0 = Release|Any CPU
		{6AE1F549-9D0A-4ABC-97FE-69C5EB27226C}.Debug|Any CPU.ActiveCfg = Debug|Any CPU
		{6AE1F549-9D0A-4ABC-97FE-69C5EB27226C}.Debug|Any CPU.Build.0 = Debug|Any CPU
		{6AE1F549-9D0A-4ABC-97FE-69C5EB27226C}.Release|Any CPU.ActiveCfg = Release|Any CPU
		{6AE1F549-9D0A-4ABC-97FE-69C5EB27226C}.Release|Any CPU.Build.0 = Release|Any CPU
		{924EA981-93F9-4F2D-96A5-967EC473986D}.Debug|Any CPU.ActiveCfg = Debug|Any CPU
		{924EA981-93F9-4F2D-96A5-967EC473986D}.Debug|Any CPU.Build.0 = Debug|Any CPU
		{924EA981-93F9-4F2D-96A5-967EC473986D}.Release|Any CPU.ActiveCfg = Release|Any CPU
		{924EA981-93F9-4F2D-96A5-967EC473986D}.Release|Any CPU.Build.0 = Release|Any CPU
		{7878B3F3-B836-4DFE-BA3B-3C6A104FAEA1}.Debug|Any CPU.ActiveCfg = Debug|Any CPU
		{7878B3F3-B836-4DFE-BA3B-3C6A104FAEA1}.Debug|Any CPU.Build.0 = Debug|Any CPU
		{7878B3F3-B836-4DFE-BA3B-3C6A104FAEA1}.Release|Any CPU.ActiveCfg = Release|Any CPU
		{7878B3F3-B836-4DFE-BA3B-3C6A104FAEA1}.Release|Any CPU.Build.0 = Release|Any CPU
		{A5909C76-6465-4D75-9B94-F1FE74A19DE6}.Debug|Any CPU.ActiveCfg = Debug|Any CPU
		{A5909C76-6465-4D75-9B94-F1FE74A19DE6}.Debug|Any CPU.Build.0 = Debug|Any CPU
		{A5909C76-6465-4D75-9B94-F1FE74A19DE6}.Release|Any CPU.ActiveCfg = Release|Any CPU
		{A5909C76-6465-4D75-9B94-F1FE74A19DE6}.Release|Any CPU.Build.0 = Release|Any CPU
	EndGlobalSection
	GlobalSection(NestedProjects) = preSolution
		{A82BE835-67DD-4A51-B7F4-E821CDF1CFA3} = {2EC2ADA5-1B43-49BC-B4FB-68202DCC9A88}
		{A4F7A8B1-F649-4D56-90C4-D2CA8040C8C2} = {2EC2ADA5-1B43-49BC-B4FB-68202DCC9A88}
		{30F50737-185B-4725-AE5E-02DCB0872A07} = {2EC2ADA5-1B43-49BC-B4FB-68202DCC9A88}
		{F58DAF0D-7E5E-4A8D-913A-ED46FAE1D54B} = {30F50737-185B-4725-AE5E-02DCB0872A07}
		{5DC198A9-0E3E-465E-970F-967968D40398} = {A4F7A8B1-F649-4D56-90C4-D2CA8040C8C2}
		{6AE1F549-9D0A-4ABC-97FE-69C5EB27226C} = {30F50737-185B-4725-AE5E-02DCB0872A07}
		{924EA981-93F9-4F2D-96A5-967EC473986D} = {A4F7A8B1-F649-4D56-90C4-D2CA8040C8C2}
		{7878B3F3-B836-4DFE-BA3B-3C6A104FAEA1} = {30F50737-185B-4725-AE5E-02DCB0872A07}
		{10B311E0-23E2-4907-A0F3-DD6C58F09372} = {30F50737-185B-4725-AE5E-02DCB0872A07}
		{A5909C76-6465-4D75-9B94-F1FE74A19DE6} = {10B311E0-23E2-4907-A0F3-DD6C58F09372}
	EndGlobalSection
EndGlobal
