
Microsoft Visual Studio Solution File, Format Version 12.00
Project("{2150E333-8FDC-42A3-9474-1A3956D46DE8}") = "src", "src", "{2EC2ADA5-1B43-49BC-B4FB-68202DCC9A88}"
EndProject
Project("{2150E333-8FDC-42A3-9474-1A3956D46DE8}") = "test", "test", "{0D27D652-CE28-424E-BDA2-6A09A2C9E848}"
EndProject
Project("{FAE04EC0-301F-11D3-BF4B-00C04F79EFBC}") = "Tunnlr.Common", "src\Tunnlr.Common\Tunnlr.Common.csproj", "{A82BE835-67DD-4A51-B7F4-E821CDF1CFA3}"
EndProject
Project("{2150E333-8FDC-42A3-9474-1A3956D46DE8}") = "Client", "Client", "{A4F7A8B1-F649-4D56-90C4-D2CA8040C8C2}"
EndProject
Project("{2150E333-8FDC-42A3-9474-1A3956D46DE8}") = "Server", "Server", "{30F50737-185B-4725-AE5E-02DCB0872A07}"
EndProject
Project("{2150E333-8FDC-42A3-9474-1A3956D46DE8}") = "Features", "Features", "{10B311E0-23E2-4907-A0F3-DD6C58F09372}"
EndProject
Project("{FAE04EC0-301F-11D3-BF4B-00C04F79EFBC}") = "Tunnlr.Server.Features.ReservedDomains", "src\server\features\Tunnlr.Server.Features.ReservedDomains\Tunnlr.Server.Features.ReservedDomains.csproj", "{A5909C76-6465-4D75-9B94-F1FE74A19DE6}"
EndProject
Project("{FAE04EC0-301F-11D3-BF4B-00C04F79EFBC}") = "Tunnlr.Client.Core", "src\client\Tunnlr.Client.Core\Tunnlr.Client.Core.csproj", "{B3226D58-247D-452A-A3B4-3E9ED8AB70A0}"
EndProject
Project("{FAE04EC0-301F-11D3-BF4B-00C04F79EFBC}") = "Tunnlr.Client.Persistence", "src\client\Tunnlr.Client.Persistence\Tunnlr.Client.Persistence.csproj", "{34224F9C-10CF-421E-8C0D-2F03FBE4F32A}"
EndProject
Project("{FAE04EC0-301F-11D3-BF4B-00C04F79EFBC}") = "Tunnlr.Client.Web", "src\client\Tunnlr.Client.Web\Tunnlr.Client.Web.csproj", "{A79B40D5-84C8-440D-AC94-492899688E5D}"
EndProject
Project("{FAE04EC0-301F-11D3-BF4B-00C04F79EFBC}") = "Tunnlr.Server.Core", "src\server\Tunnlr.Server.Core\Tunnlr.Server.Core.csproj", "{8444E8DE-55F6-49C3-8592-7010E13BEDB1}"
EndProject
Project("{FAE04EC0-301F-11D3-BF4B-00C04F79EFBC}") = "Tunnlr.Server.Persistence", "src\server\Tunnlr.Server.Persistence\Tunnlr.Server.Persistence.csproj", "{F632E418-4DF1-407C-919C-70381E028323}"
EndProject
Project("{FAE04EC0-301F-11D3-BF4B-00C04F79EFBC}") = "Tunnlr.Server.Proxy", "src\server\Tunnlr.Server.Proxy\Tunnlr.Server.Proxy.csproj", "{F0FCE2FB-CD50-4585-B7DC-A2077533381E}"
EndProject
Project("{2150E333-8FDC-42A3-9474-1A3956D46DE8}") = "Server", "Server", "{5DE3BB60-36F4-4709-A6DE-4F668D2FB383}"
EndProject
Project("{FAE04EC0-301F-11D3-BF4B-00C04F79EFBC}") = "Tunnlr.Server.Core.Tests", "test\server\Tunnlr.Server.Core.Tests\Tunnlr.Server.Core.Tests.csproj", "{E290A91D-CD01-477A-9C80-7603A9D26CEF}"
EndProject
Project("{2150E333-8FDC-42A3-9474-1A3956D46DE8}") = "Client", "Client", "{741D7905-0A4E-43C6-AE3F-D0CA67DCD0C2}"
EndProject
Project("{FAE04EC0-301F-11D3-BF4B-00C04F79EFBC}") = "Tunnlr.Client.Web.Tests", "test\client\Tunnlr.Client.Web.Tests\Tunnlr.Client.Web.Tests.csproj", "{27D100B0-3C85-4CBA-8AF1-614C6D4DDCF5}"
EndProject
Project("{2150E333-8FDC-42A3-9474-1A3956D46DE8}") = "Features", "Features", "{277A4061-077F-4737-B853-D629919BE648}"
EndProject
Global
	GlobalSection(SolutionConfigurationPlatforms) = preSolution
		Debug|Any CPU = Debug|Any CPU
		Release|Any CPU = Release|Any CPU
	EndGlobalSection
	GlobalSection(ProjectConfigurationPlatforms) = postSolution
		{A82BE835-67DD-4A51-B7F4-E821CDF1CFA3}.Debug|Any CPU.ActiveCfg = Debug|Any CPU
		{A82BE835-67DD-4A51-B7F4-E821CDF1CFA3}.Debug|Any CPU.Build.0 = Debug|Any CPU
		{A82BE835-67DD-4A51-B7F4-E821CDF1CFA3}.Release|Any CPU.ActiveCfg = Release|Any CPU
		{A82BE835-67DD-4A51-B7F4-E821CDF1CFA3}.Release|Any CPU.Build.0 = Release|Any CPU
		{A5909C76-6465-4D75-9B94-F1FE74A19DE6}.Debug|Any CPU.ActiveCfg = Debug|Any CPU
		{A5909C76-6465-4D75-9B94-F1FE74A19DE6}.Debug|Any CPU.Build.0 = Debug|Any CPU
		{A5909C76-6465-4D75-9B94-F1FE74A19DE6}.Release|Any CPU.ActiveCfg = Release|Any CPU
		{A5909C76-6465-4D75-9B94-F1FE74A19DE6}.Release|Any CPU.Build.0 = Release|Any CPU
		{B3226D58-247D-452A-A3B4-3E9ED8AB70A0}.Debug|Any CPU.ActiveCfg = Debug|Any CPU
		{B3226D58-247D-452A-A3B4-3E9ED8AB70A0}.Debug|Any CPU.Build.0 = Debug|Any CPU
		{B3226D58-247D-452A-A3B4-3E9ED8AB70A0}.Release|Any CPU.ActiveCfg = Release|Any CPU
		{B3226D58-247D-452A-A3B4-3E9ED8AB70A0}.Release|Any CPU.Build.0 = Release|Any CPU
		{34224F9C-10CF-421E-8C0D-2F03FBE4F32A}.Debug|Any CPU.ActiveCfg = Debug|Any CPU
		{34224F9C-10CF-421E-8C0D-2F03FBE4F32A}.Debug|Any CPU.Build.0 = Debug|Any CPU
		{34224F9C-10CF-421E-8C0D-2F03FBE4F32A}.Release|Any CPU.ActiveCfg = Release|Any CPU
		{34224F9C-10CF-421E-8C0D-2F03FBE4F32A}.Release|Any CPU.Build.0 = Release|Any CPU
		{A79B40D5-84C8-440D-AC94-492899688E5D}.Debug|Any CPU.ActiveCfg = Debug|Any CPU
		{A79B40D5-84C8-440D-AC94-492899688E5D}.Debug|Any CPU.Build.0 = Debug|Any CPU
		{A79B40D5-84C8-440D-AC94-492899688E5D}.Release|Any CPU.ActiveCfg = Release|Any CPU
		{A79B40D5-84C8-440D-AC94-492899688E5D}.Release|Any CPU.Build.0 = Release|Any CPU
		{8444E8DE-55F6-49C3-8592-7010E13BEDB1}.Debug|Any CPU.ActiveCfg = Debug|Any CPU
		{8444E8DE-55F6-49C3-8592-7010E13BEDB1}.Debug|Any CPU.Build.0 = Debug|Any CPU
		{8444E8DE-55F6-49C3-8592-7010E13BEDB1}.Release|Any CPU.ActiveCfg = Release|Any CPU
		{8444E8DE-55F6-49C3-8592-7010E13BEDB1}.Release|Any CPU.Build.0 = Release|Any CPU
		{F632E418-4DF1-407C-919C-70381E028323}.Debug|Any CPU.ActiveCfg = Debug|Any CPU
		{F632E418-4DF1-407C-919C-70381E028323}.Debug|Any CPU.Build.0 = Debug|Any CPU
		{F632E418-4DF1-407C-919C-70381E028323}.Release|Any CPU.ActiveCfg = Release|Any CPU
		{F632E418-4DF1-407C-919C-70381E028323}.Release|Any CPU.Build.0 = Release|Any CPU
		{F0FCE2FB-CD50-4585-B7DC-A2077533381E}.Debug|Any CPU.ActiveCfg = Debug|Any CPU
		{F0FCE2FB-CD50-4585-B7DC-A2077533381E}.Debug|Any CPU.Build.0 = Debug|Any CPU
		{F0FCE2FB-CD50-4585-B7DC-A2077533381E}.Release|Any CPU.ActiveCfg = Release|Any CPU
		{F0FCE2FB-CD50-4585-B7DC-A2077533381E}.Release|Any CPU.Build.0 = Release|Any CPU
		{E290A91D-CD01-477A-9C80-7603A9D26CEF}.Debug|Any CPU.ActiveCfg = Debug|Any CPU
		{E290A91D-CD01-477A-9C80-7603A9D26CEF}.Debug|Any CPU.Build.0 = Debug|Any CPU
		{E290A91D-CD01-477A-9C80-7603A9D26CEF}.Release|Any CPU.ActiveCfg = Release|Any CPU
		{E290A91D-CD01-477A-9C80-7603A9D26CEF}.Release|Any CPU.Build.0 = Release|Any CPU
		{27D100B0-3C85-4CBA-8AF1-614C6D4DDCF5}.Debug|Any CPU.ActiveCfg = Debug|Any CPU
		{27D100B0-3C85-4CBA-8AF1-614C6D4DDCF5}.Debug|Any CPU.Build.0 = Debug|Any CPU
		{27D100B0-3C85-4CBA-8AF1-614C6D4DDCF5}.Release|Any CPU.ActiveCfg = Release|Any CPU
		{27D100B0-3C85-4CBA-8AF1-614C6D4DDCF5}.Release|Any CPU.Build.0 = Release|Any CPU
	EndGlobalSection
	GlobalSection(NestedProjects) = preSolution
		{A82BE835-67DD-4A51-B7F4-E821CDF1CFA3} = {2EC2ADA5-1B43-49BC-B4FB-68202DCC9A88}
		{A4F7A8B1-F649-4D56-90C4-D2CA8040C8C2} = {2EC2ADA5-1B43-49BC-B4FB-68202DCC9A88}
		{30F50737-185B-4725-AE5E-02DCB0872A07} = {2EC2ADA5-1B43-49BC-B4FB-68202DCC9A88}
		{10B311E0-23E2-4907-A0F3-DD6C58F09372} = {30F50737-185B-4725-AE5E-02DCB0872A07}
		{A5909C76-6465-4D75-9B94-F1FE74A19DE6} = {10B311E0-23E2-4907-A0F3-DD6C58F09372}
		{B3226D58-247D-452A-A3B4-3E9ED8AB70A0} = {A4F7A8B1-F649-4D56-90C4-D2CA8040C8C2}
		{34224F9C-10CF-421E-8C0D-2F03FBE4F32A} = {A4F7A8B1-F649-4D56-90C4-D2CA8040C8C2}
		{A79B40D5-84C8-440D-AC94-492899688E5D} = {A4F7A8B1-F649-4D56-90C4-D2CA8040C8C2}
		{8444E8DE-55F6-49C3-8592-7010E13BEDB1} = {30F50737-185B-4725-AE5E-02DCB0872A07}
		{F632E418-4DF1-407C-919C-70381E028323} = {30F50737-185B-4725-AE5E-02DCB0872A07}
		{F0FCE2FB-CD50-4585-B7DC-A2077533381E} = {30F50737-185B-4725-AE5E-02DCB0872A07}
		{5DE3BB60-36F4-4709-A6DE-4F668D2FB383} = {0D27D652-CE28-424E-BDA2-6A09A2C9E848}
		{E290A91D-CD01-477A-9C80-7603A9D26CEF} = {5DE3BB60-36F4-4709-A6DE-4F668D2FB383}
		{741D7905-0A4E-43C6-AE3F-D0CA67DCD0C2} = {0D27D652-CE28-424E-BDA2-6A09A2C9E848}
		{27D100B0-3C85-4CBA-8AF1-614C6D4DDCF5} = {741D7905-0A4E-43C6-AE3F-D0CA67DCD0C2}
		{277A4061-077F-4737-B853-D629919BE648} = {A4F7A8B1-F649-4D56-90C4-D2CA8040C8C2}
	EndGlobalSection
EndGlobal
