
Microsoft Visual Studio Solution File, Format Version 12.00
# Visual Studio Version 17
VisualStudioVersion = 17.0.31717.71
MinimumVisualStudioVersion = 10.0.40219.1
Project("{9A19103F-16F7-4668-BE54-9A1E7A4F7556}") = "Tunnlr.Client.Web", "Tunnlr.Client.Web.csproj", "{4B4D1434-FBE3-4A28-9240-1A14A312E88F}"
EndProject
Global
	GlobalSection(SolutionConfigurationPlatforms) = preSolution
		Debug|Any CPU = Debug|Any CPU
		Release|Any CPU = Release|Any CPU
	EndGlobalSection
	GlobalSection(ProjectConfigurationPlatforms) = postSolution
		{4B4D1434-FBE3-4A28-9240-1A14A312E88F}.Debug|Any CPU.ActiveCfg = Debug|Any CPU
		{4B4D1434-FBE3-4A28-9240-1A14A312E88F}.Debug|Any CPU.Build.0 = Debug|Any CPU
		{4B4D1434-FBE3-4A28-9240-1A14A312E88F}.Release|Any CPU.ActiveCfg = Release|Any CPU
		{4B4D1434-FBE3-4A28-9240-1A14A312E88F}.Release|Any CPU.Build.0 = Release|Any CPU
	EndGlobalSection
	GlobalSection(SolutionProperties) = preSolution
		HideSolutionNode = FALSE
	EndGlobalSection
	GlobalSection(ExtensibilityGlobals) = postSolution
		SolutionGuid = {30EBD180-4799-4BDC-A5C6-9210B94B2D58}
	EndGlobalSection
EndGlobal